// !$*UTF8*$!
{
	archiveVersion = 1;
	classes = {
	};
	objectVersion = 56;
	objects = {

/* Begin PBXBuildFile section */
		E3716B7429B420A8006EB93E /* AppDelegate.m in Sources */ = {isa = PBXBuildFile; fileRef = E3716B7329B420A8006EB93E /* AppDelegate.m */; };
		E3716B7729B420A8006EB93E /* SceneDelegate.m in Sources */ = {isa = PBXBuildFile; fileRef = E3716B7629B420A8006EB93E /* SceneDelegate.m */; };
		E3716B7A29B420A8006EB93E /* ViewController.m in Sources */ = {isa = PBXBuildFile; fileRef = E3716B7929B420A8006EB93E /* ViewController.m */; };
		E3716B7D29B420A8006EB93E /* Main.storyboard in Resources */ = {isa = PBXBuildFile; fileRef = E3716B7B29B420A8006EB93E /* Main.storyboard */; };
		E3716B7F29B420A9006EB93E /* Assets.xcassets in Resources */ = {isa = PBXBuildFile; fileRef = E3716B7E29B420A9006EB93E /* Assets.xcassets */; };
		E3716B8229B420A9006EB93E /* LaunchScreen.storyboard in Resources */ = {isa = PBXBuildFile; fileRef = E3716B8029B420A9006EB93E /* LaunchScreen.storyboard */; };
		E3716B8529B420A9006EB93E /* main.m in Sources */ = {isa = PBXBuildFile; fileRef = E3716B8429B420A9006EB93E /* main.m */; };
		E3716B8D29B42117006EB93E /* Person.m in Sources */ = {isa = PBXBuildFile; fileRef = E3716B8C29B42117006EB93E /* Person.m */; };
/* End PBXBuildFile section */

/* Begin PBXFileReference section */
		E3716B6F29B420A8006EB93E /* InitStuff.app */ = {isa = PBXFileReference; explicitFileType = wrapper.application; includeInIndex = 0; path = InitStuff.app; sourceTree = BUILT_PRODUCTS_DIR; };
		E3716B7229B420A8006EB93E /* AppDelegate.h */ = {isa = PBXFileReference; lastKnownFileType = sourcecode.c.h; path = AppDelegate.h; sourceTree = "<group>"; };
		E3716B7329B420A8006EB93E /* AppDelegate.m */ = {isa = PBXFileReference; lastKnownFileType = sourcecode.c.objc; path = AppDelegate.m; sourceTree = "<group>"; };
		E3716B7529B420A8006EB93E /* SceneDelegate.h */ = {isa = PBXFileReference; lastKnownFileType = sourcecode.c.h; path = SceneDelegate.h; sourceTree = "<group>"; };
		E3716B7629B420A8006EB93E /* SceneDelegate.m */ = {isa = PBXFileReference; lastKnownFileType = sourcecode.c.objc; path = SceneDelegate.m; sourceTree = "<group>"; };
		E3716B7829B420A8006EB93E /* ViewController.h */ = {isa = PBXFileReference; lastKnownFileType = sourcecode.c.h; path = ViewController.h; sourceTree = "<group>"; };
		E3716B7929B420A8006EB93E /* ViewController.m */ = {isa = PBXFileReference; lastKnownFileType = sourcecode.c.objc; path = ViewController.m; sourceTree = "<group>"; };
		E3716B7C29B420A8006EB93E /* Base */ = {isa = PBXFileReference; lastKnownFileType = file.storyboard; name = Base; path = Base.lproj/Main.storyboard; sourceTree = "<group>"; };
		E3716B7E29B420A9006EB93E /* Assets.xcassets */ = {isa = PBXFileReference; lastKnownFileType = folder.assetcatalog; path = Assets.xcassets; sourceTree = "<group>"; };
		E3716B8129B420A9006EB93E /* Base */ = {isa = PBXFileReference; lastKnownFileType = file.storyboard; name = Base; path = Base.lproj/LaunchScreen.storyboard; sourceTree = "<group>"; };
		E3716B8329B420A9006EB93E /* Info.plist */ = {isa = PBXFileReference; lastKnownFileType = text.plist.xml; path = Info.plist; sourceTree = "<group>"; };
		E3716B8429B420A9006EB93E /* main.m */ = {isa = PBXFileReference; lastKnownFileType = sourcecode.c.objc; path = main.m; sourceTree = "<group>"; };
		E3716B8B29B42117006EB93E /* Person.h */ = {isa = PBXFileReference; lastKnownFileType = sourcecode.c.h; path = Person.h; sourceTree = "<group>"; };
		E3716B8C29B42117006EB93E /* Person.m */ = {isa = PBXFileReference; lastKnownFileType = sourcecode.c.objc; path = Person.m; sourceTree = "<group>"; };
/* End PBXFileReference section */

/* Begin PBXFrameworksBuildPhase section */
		E3716B6C29B420A8006EB93E /* Frameworks */ = {
			isa = PBXFrameworksBuildPhase;
			buildActionMask = 2147483647;
			files = (
			);
			runOnlyForDeploymentPostprocessing = 0;
		};
/* End PBXFrameworksBuildPhase section */

/* Begin PBXGroup section */
		E3716B6629B420A8006EB93E = {
			isa = PBXGroup;
			children = (
				E3716B7129B420A8006EB93E /* InitStuff */,
				E3716B7029B420A8006EB93E /* Products */,
			);
			sourceTree = "<group>";
		};
		E3716B7029B420A8006EB93E /* Products */ = {
			isa = PBXGroup;
			children = (
				E3716B6F29B420A8006EB93E /* InitStuff.app */,
			);
			name = Products;
			sourceTree = "<group>";
		};
		E3716B7129B420A8006EB93E /* InitStuff */ = {
			isa = PBXGroup;
			children = (
				E3716B7229B420A8006EB93E /* AppDelegate.h */,
				E3716B7329B420A8006EB93E /* AppDelegate.m */,
				E3716B7529B420A8006EB93E /* SceneDelegate.h */,
				E3716B7629B420A8006EB93E /* SceneDelegate.m */,
				E3716B7829B420A8006EB93E /* ViewController.h */,
				E3716B7929B420A8006EB93E /* ViewController.m */,
				E3716B8B29B42117006EB93E /* Person.h */,
				E3716B8C29B42117006EB93E /* Person.m */,
				E3716B7B29B420A8006EB93E /* Main.storyboard */,
				E3716B7E29B420A9006EB93E /* Assets.xcassets */,
				E3716B8029B420A9006EB93E /* LaunchScreen.storyboard */,
				E3716B8329B420A9006EB93E /* Info.plist */,
				E3716B8429B420A9006EB93E /* main.m */,
			);
			path = InitStuff;
			sourceTree = "<group>";
		};
/* End PBXGroup section */

/* Begin PBXNativeTarget section */
		E3716B6E29B420A8006EB93E /* InitStuff */ = {
			isa = PBXNativeTarget;
			buildConfigurationList = E3716B8829B420A9006EB93E /* Build configuration list for PBXNativeTarget "InitStuff" */;
			buildPhases = (
				E3716B6B29B420A8006EB93E /* Sources */,
				E3716B6C29B420A8006EB93E /* Frameworks */,
				E3716B6D29B420A8006EB93E /* Resources */,
			);
			buildRules = (
			);
			dependencies = (
			);
			name = InitStuff;
			productName = InitStuff;
			productReference = E3716B6F29B420A8006EB93E /* InitStuff.app */;
			productType = "com.apple.product-type.application";
		};
/* End PBXNativeTarget section */

/* Begin PBXProject section */
		E3716B6729B420A8006EB93E /* Project object */ = {
			isa = PBXProject;
			attributes = {
				BuildIndependentTargetsInParallel = 1;
				LastUpgradeCheck = 1420;
				TargetAttributes = {
					E3716B6E29B420A8006EB93E = {
						CreatedOnToolsVersion = 14.2;
					};
				};
			};
			buildConfigurationList = E3716B6A29B420A8006EB93E /* Build configuration list for PBXProject "InitStuff" */;
			compatibilityVersion = "Xcode 14.0";
			developmentRegion = en;
			hasScannedForEncodings = 0;
			knownRegions = (
				en,
				Base,
			);
			mainGroup = E3716B6629B420A8006EB93E;
			productRefGroup = E3716B7029B420A8006EB93E /* Products */;
			projectDirPath = "";
			projectRoot = "";
			targets = (
				E3716B6E29B420A8006EB93E /* InitStuff */,
			);
		};
/* End PBXProject section */

/* Begin PBXResourcesBuildPhase section */
		E3716B6D29B420A8006EB93E /* Resources */ = {
			isa = PBXResourcesBuildPhase;
			buildActionMask = 2147483647;
			files = (
				E3716B8229B420A9006EB93E /* LaunchScreen.storyboard in Resources */,
				E3716B7F29B420A9006EB93E /* Assets.xcassets in Resources */,
				E3716B7D29B420A8006EB93E /* Main.storyboard in Resources */,
			);
			runOnlyForDeploymentPostprocessing = 0;
		};
/* End PBXResourcesBuildPhase section */

/* Begin PBXSourcesBuildPhase section */
		E3716B6B29B420A8006EB93E /* Sources */ = {
			isa = PBXSourcesBuildPhase;
			buildActionMask = 2147483647;
			files = (
				E3716B7A29B420A8006EB93E /* ViewController.m in Sources */,
				E3716B7429B420A8006EB93E /* AppDelegate.m in Sources */,
				E3716B8D29B42117006EB93E /* Person.m in Sources */,
				E3716B8529B420A9006EB93E /* main.m in Sources */,
				E3716B7729B420A8006EB93E /* SceneDelegate.m in Sources */,
			);
			runOnlyForDeploymentPostprocessing = 0;
		};
/* End PBXSourcesBuildPhase section */

/* Begin PBXVariantGroup section */
		E3716B7B29B420A8006EB93E /* Main.storyboard */ = {
			isa = PBXVariantGroup;
			children = (
				E3716B7C29B420A8006EB93E /* Base */,
			);
			name = Main.storyboard;
			sourceTree = "<group>";
		};
		E3716B8029B420A9006EB93E /* LaunchScreen.storyboard */ = {
			isa = PBXVariantGroup;
			children = (
				E3716B8129B420A9006EB93E /* Base */,
			);
			name = LaunchScreen.storyboard;
			sourceTree = "<group>";
		};
/* End PBXVariantGroup section */

/* Begin XCBuildConfiguration section */
		E3716B8629B420A9006EB93E /* Debug */ = {
			isa = XCBuildConfiguration;
			buildSettings = {
				ALWAYS_SEARCH_USER_PATHS = NO;
				CLANG_ANALYZER_NONNULL = YES;
				CLANG_ANALYZER_NUMBER_OBJECT_CONVERSION = YES_AGGRESSIVE;
				CLANG_CXX_LANGUAGE_STANDARD = "gnu++20";
				CLANG_ENABLE_MODULES = YES;
				CLANG_ENABLE_OBJC_ARC = YES;
				CLANG_ENABLE_OBJC_WEAK = YES;
				CLANG_WARN_BLOCK_CAPTURE_AUTORELEASING = YES;
				CLANG_WARN_BOOL_CONVERSION = YES;
				CLANG_WARN_COMMA = YES;
				CLANG_WARN_CONSTANT_CONVERSION = YES;
				CLANG_WARN_DEPRECATED_OBJC_IMPLEMENTATIONS = YES;
				CLANG_WARN_DIRECT_OBJC_ISA_USAGE = YES_ERROR;
				CLANG_WARN_DOCUMENTATION_COMMENTS = YES;
				CLANG_WARN_EMPTY_BODY = YES;
				CLANG_WARN_ENUM_CONVERSION = YES;
				CLANG_WARN_INFINITE_RECURSION = YES;
				CLANG_WARN_INT_CONVERSION = YES;
				CLANG_WARN_NON_LITERAL_NULL_CONVERSION = YES;
				CLANG_WARN_OBJC_IMPLICIT_RETAIN_SELF = YES;
				CLANG_WARN_OBJC_LITERAL_CONVERSION = YES;
				CLANG_WARN_OBJC_ROOT_CLASS = YES_ERROR;
				CLANG_WARN_QUOTED_INCLUDE_IN_FRAMEWORK_HEADER = YES;
				CLANG_WARN_RANGE_LOOP_ANALYSIS = YES;
				CLANG_WARN_STRICT_PROTOTYPES = YES;
				CLANG_WARN_SUSPICIOUS_MOVE = YES;
				CLANG_WARN_UNGUARDED_AVAILABILITY = YES_AGGRESSIVE;
				CLANG_WARN_UNREACHABLE_CODE = YES;
				CLANG_WARN__DUPLICATE_METHOD_MATCH = YES;
				COPY_PHASE_STRIP = NO;
				DEBUG_INFORMATION_FORMAT = dwarf;
				ENABLE_STRICT_OBJC_MSGSEND = YES;
				ENABLE_TESTABILITY = YES;
				GCC_C_LANGUAGE_STANDARD = gnu11;
				GCC_DYNAMIC_NO_PIC = NO;
				GCC_NO_COMMON_BLOCKS = YES;
				GCC_OPTIMIZATION_LEVEL = 0;
				GCC_PREPROCESSOR_DEFINITIONS = (
					"DEBUG=1",
					"$(inherited)",
				);
				GCC_WARN_64_TO_32_BIT_CONVERSION = YES;
				GCC_WARN_ABOUT_RETURN_TYPE = YES_ERROR;
				GCC_WARN_UNDECLARED_SELECTOR = YES;
				GCC_WARN_UNINITIALIZED_AUTOS = YES_AGGRESSIVE;
				GCC_WARN_UNUSED_FUNCTION = YES;
				GCC_WARN_UNUSED_VARIABLE = YES;
				IPHONEOS_DEPLOYMENT_TARGET = 16.2;
				MTL_ENABLE_DEBUG_INFO = INCLUDE_SOURCE;
				MTL_FAST_MATH = YES;
				ONLY_ACTIVE_ARCH = YES;
				SDKROOT = iphoneos;
			};
			name = Debug;
		};
		E3716B8729B420A9006EB93E /* Release */ = {
			isa = XCBuildConfiguration;
			buildSettings = {
				ALWAYS_SEARCH_USER_PATHS = NO;
				CLANG_ANALYZER_NONNULL = YES;
				CLANG_ANALYZER_NUMBER_OBJECT_CONVERSION = YES_AGGRESSIVE;
				CLANG_CXX_LANGUAGE_STANDARD = "gnu++20";
				CLANG_ENABLE_MODULES = YES;
				CLANG_ENABLE_OBJC_ARC = YES;
				CLANG_ENABLE_OBJC_WEAK = YES;
				CLANG_WARN_BLOCK_CAPTURE_AUTORELEASING = YES;
				CLANG_WARN_BOOL_CONVERSION = YES;
				CLANG_WARN_COMMA = YES;
				CLANG_WARN_CONSTANT_CONVERSION = YES;
				CLANG_WARN_DEPRECATED_OBJC_IMPLEMENTATIONS = YES;
				CLANG_WARN_DIRECT_OBJC_ISA_USAGE = YES_ERROR;
				CLANG_WARN_DOCUMENTATION_COMMENTS = YES;
				CLANG_WARN_EMPTY_BODY = YES;
				CLANG_WARN_ENUM_CONVERSION = YES;
				CLANG_WARN_INFINITE_RECURSION = YES;
				CLANG_WARN_INT_CONVERSION = YES;
				CLANG_WARN_NON_LITERAL_NULL_CONVERSION = YES;
				CLANG_WARN_OBJC_IMPLICIT_RETAIN_SELF = YES;
				CLANG_WARN_OBJC_LITERAL_CONVERSION = YES;
				CLANG_WARN_OBJC_ROOT_CLASS = YES_ERROR;
				CLANG_WARN_QUOTED_INCLUDE_IN_FRAMEWORK_HEADER = YES;
				CLANG_WARN_RANGE_LOOP_ANALYSIS = YES;
				CLANG_WARN_STRICT_PROTOTYPES = YES;
				CLANG_WARN_SUSPICIOUS_MOVE = YES;
				CLANG_WARN_UNGUARDED_AVAILABILITY = YES_AGGRESSIVE;
				CLANG_WARN_UNREACHABLE_CODE = YES;
				CLANG_WARN__DUPLICATE_METHOD_MATCH = YES;
				COPY_PHASE_STRIP = NO;
				DEBUG_INFORMATION_FORMAT = "dwarf-with-dsym";
				ENABLE_NS_ASSERTIONS = NO;
				ENABLE_STRICT_OBJC_MSGSEND = YES;
				GCC_C_LANGUAGE_STANDARD = gnu11;
				GCC_NO_COMMON_BLOCKS = YES;
				GCC_WARN_64_TO_32_BIT_CONVERSION = YES;
				GCC_WARN_ABOUT_RETURN_TYPE = YES_ERROR;
				GCC_WARN_UNDECLARED_SELECTOR = YES;
				GCC_WARN_UNINITIALIZED_AUTOS = YES_AGGRESSIVE;
				GCC_WARN_UNUSED_FUNCTION = YES;
				GCC_WARN_UNUSED_VARIABLE = YES;
				IPHONEOS_DEPLOYMENT_TARGET = 16.2;
				MTL_ENABLE_DEBUG_INFO = NO;
				MTL_FAST_MATH = YES;
				SDKROOT = iphoneos;
				VALIDATE_PRODUCT = YES;
			};
			name = Release;
		};
		E3716B8929B420A9006EB93E /* Debug */ = {
			isa = XCBuildConfiguration;
			buildSettings = {
				ASSETCATALOG_COMPILER_APPICON_NAME = AppIcon;
				ASSETCATALOG_COMPILER_GLOBAL_ACCENT_COLOR_NAME = AccentColor;
				CODE_SIGN_STYLE = Automatic;
				CURRENT_PROJECT_VERSION = 1;
				DEVELOPMENT_TEAM = N7XA887WXB;
				GENERATE_INFOPLIST_FILE = YES;
				INFOPLIST_FILE = InitStuff/Info.plist;
				INFOPLIST_KEY_UIApplicationSupportsIndirectInputEvents = YES;
				INFOPLIST_KEY_UILaunchStoryboardName = LaunchScreen;
				INFOPLIST_KEY_UIMainStoryboardFile = Main;
				INFOPLIST_KEY_UISupportedInterfaceOrientations_iPad = "UIInterfaceOrientationPortrait UIInterfaceOrientationPortraitUpsideDown UIInterfaceOrientationLandscapeLeft UIInterfaceOrientationLandscapeRight";
				INFOPLIST_KEY_UISupportedInterfaceOrientations_iPhone = "UIInterfaceOrientationPortrait UIInterfaceOrientationLandscapeLeft UIInterfaceOrientationLandscapeRight";
				LD_RUNPATH_SEARCH_PATHS = (
					"$(inherited)",
					"@executable_path/Frameworks",
				);
				MARKETING_VERSION = 1.0;
				PRODUCT_BUNDLE_IDENTIFIER = com.myothurazaw.InitStuff;
				PRODUCT_NAME = "$(TARGET_NAME)";
				SWIFT_EMIT_LOC_STRINGS = YES;
				TARGETED_DEVICE_FAMILY = "1,2";
			};
			name = Debug;
		};
		E3716B8A29B420A9006EB93E /* Release */ = {
			isa = XCBuildConfiguration;
			buildSettings = {
				ASSETCATALOG_COMPILER_APPICON_NAME = AppIcon;
				ASSETCATALOG_COMPILER_GLOBAL_ACCENT_COLOR_NAME = AccentColor;
				CODE_SIGN_STYLE = Automatic;
				CURRENT_PROJECT_VERSION = 1;
				DEVELOPMENT_TEAM = N7XA887WXB;
				GENERATE_INFOPLIST_FILE = YES;
				INFOPLIST_FILE = InitStuff/Info.plist;
				INFOPLIST_KEY_UIApplicationSupportsIndirectInputEvents = YES;
				INFOPLIST_KEY_UILaunchStoryboardName = LaunchScreen;
				INFOPLIST_KEY_UIMainStoryboardFile = Main;
				INFOPLIST_KEY_UISupportedInterfaceOrientations_iPad = "UIInterfaceOrientationPortrait UIInterfaceOrientationPortraitUpsideDown UIInterfaceOrientationLandscapeLeft UIInterfaceOrientationLandscapeRight";
				INFOPLIST_KEY_UISupportedInterfaceOrientations_iPhone = "UIInterfaceOrientationPortrait UIInterfaceOrientationLandscapeLeft UIInterfaceOrientationLandscapeRight";
				LD_RUNPATH_SEARCH_PATHS = (
					"$(inherited)",
					"@executable_path/Frameworks",
				);
				MARKETING_VERSION = 1.0;
				PRODUCT_BUNDLE_IDENTIFIER = com.myothurazaw.InitStuff;
				PRODUCT_NAME = "$(TARGET_NAME)";
				SWIFT_EMIT_LOC_STRINGS = YES;
				TARGETED_DEVICE_FAMILY = "1,2";
			};
			name = Release;
		};
/* End XCBuildConfiguration section */

/* Begin XCConfigurationList section */
		E3716B6A29B420A8006EB93E /* Build configuration list for PBXProject "InitStuff" */ = {
			isa = XCConfigurationList;
			buildConfigurations = (
				E3716B8629B420A9006EB93E /* Debug */,
				E3716B8729B420A9006EB93E /* Release */,
			);
			defaultConfigurationIsVisible = 0;
			defaultConfigurationName = Release;
		};
		E3716B8829B420A9006EB93E /* Build configuration list for PBXNativeTarget "InitStuff" */ = {
			isa = XCConfigurationList;
			buildConfigurations = (
				E3716B8929B420A9006EB93E /* Debug */,
				E3716B8A29B420A9006EB93E /* Release */,
			);
			defaultConfigurationIsVisible = 0;
			defaultConfigurationName = Release;
		};
/* End XCConfigurationList section */
	};
	rootObject = E3716B6729B420A8006EB93E /* Project object */;
}
